// !$*UTF8*$!
{
	archiveVersion = 1;
	classes = {
	};
	objectVersion = 50;
	objects = {

/* Begin PBXBuildFile section */
		0C529E0620D519EB000023B7 /* main.cpp in Sources */ = {isa = PBXBuildFile; fileRef = 0C529E0520D519EB000023B7 /* main.cpp */; };
/* End PBXBuildFile section */

/* Begin PBXCopyFilesBuildPhase section */
		0C24367F20D519A8004642C8 /* CopyFiles */ = {
			isa = PBXCopyFilesBuildPhase;
			buildActionMask = 2147483647;
			dstPath = /usr/share/man/man1/;
			dstSubfolderSpec = 0;
			files = (
			);
			runOnlyForDeploymentPostprocessing = 1;
		};
/* End PBXCopyFilesBuildPhase section */

/* Begin PBXFileReference section */
		0C24368120D519A8004642C8 /* ObjectTalk */ = {isa = PBXFileReference; explicitFileType = "compiled.mach-o.executable"; includeInIndex = 0; path = ObjectTalk; sourceTree = BUILT_PRODUCTS_DIR; };
		0C529E0520D519EB000023B7 /* main.cpp */ = {isa = PBXFileReference; fileEncoding = 4; lastKnownFileType = sourcecode.cpp.cpp; path = main.cpp; sourceTree = "<group>"; };
		0C529E0820D519FF000023B7 /* Ot.h */ = {isa = PBXFileReference; lastKnownFileType = sourcecode.c.h; path = Ot.h; sourceTree = "<group>"; };
		0C529E0920D519FF000023B7 /* OtBoolean.h */ = {isa = PBXFileReference; lastKnownFileType = sourcecode.c.h; path = OtBoolean.h; sourceTree = "<group>"; };
		0C529E0A20D519FF000023B7 /* OtObjectImpl.h */ = {isa = PBXFileReference; lastKnownFileType = sourcecode.c.h; path = OtObjectImpl.h; sourceTree = "<group>"; };
		0C529E0B20D519FF000023B7 /* OtPrimitive.h */ = {isa = PBXFileReference; lastKnownFileType = sourcecode.c.h; path = OtPrimitive.h; sourceTree = "<group>"; };
		0C529E0C20D519FF000023B7 /* OtObject.h */ = {isa = PBXFileReference; lastKnownFileType = sourcecode.c.h; path = OtObject.h; sourceTree = "<group>"; };
		0C529E0D20D519FF000023B7 /* OtScanner.h */ = {isa = PBXFileReference; lastKnownFileType = sourcecode.c.h; path = OtScanner.h; sourceTree = "<group>"; };
		0C529E0E20D519FF000023B7 /* OtDict.h */ = {isa = PBXFileReference; lastKnownFileType = sourcecode.c.h; path = OtDict.h; sourceTree = "<group>"; };
		0C529E0F20D519FF000023B7 /* OtObjectTalk.h */ = {isa = PBXFileReference; lastKnownFileType = sourcecode.c.h; path = OtObjectTalk.h; sourceTree = "<group>"; };
		0C529E1020D519FF000023B7 /* OtFS.h */ = {isa = PBXFileReference; lastKnownFileType = sourcecode.c.h; path = OtFS.h; sourceTree = "<group>"; };
		0C529E1120D519FF000023B7 /* OtCompiler.h */ = {isa = PBXFileReference; lastKnownFileType = sourcecode.c.h; path = OtCompiler.h; sourceTree = "<group>"; };
		0C529E1220D519FF000023B7 /* OtString.h */ = {isa = PBXFileReference; lastKnownFileType = sourcecode.c.h; path = OtString.h; sourceTree = "<group>"; };
		0C529E1320D519FF000023B7 /* OtInteger.h */ = {isa = PBXFileReference; lastKnownFileType = sourcecode.c.h; path = OtInteger.h; sourceTree = "<group>"; };
		0C529E1420D519FF000023B7 /* OtCodeFunction.h */ = {isa = PBXFileReference; lastKnownFileType = sourcecode.c.h; path = OtCodeFunction.h; sourceTree = "<group>"; };
		0C529E1520D519FF000023B7 /* OtFormat.h */ = {isa = PBXFileReference; lastKnownFileType = sourcecode.c.h; path = OtFormat.h; sourceTree = "<group>"; };
		0C529E1620D519FF000023B7 /* OtInternal.h */ = {isa = PBXFileReference; lastKnownFileType = sourcecode.c.h; path = OtInternal.h; sourceTree = "<group>"; };
		0C529E1720D519FF000023B7 /* OtClass.h */ = {isa = PBXFileReference; lastKnownFileType = sourcecode.c.h; path = OtClass.h; sourceTree = "<group>"; };
		0C529E1820D519FF000023B7 /* OtFunction.h */ = {isa = PBXFileReference; lastKnownFileType = sourcecode.c.h; path = OtFunction.h; sourceTree = "<group>"; };
		0C529E1920D519FF000023B7 /* OtTypeImpl.h */ = {isa = PBXFileReference; lastKnownFileType = sourcecode.c.h; path = OtTypeImpl.h; sourceTree = "<group>"; };
		0C529E1A20D519FF000023B7 /* OtBoundFunction.h */ = {isa = PBXFileReference; lastKnownFileType = sourcecode.c.h; path = OtBoundFunction.h; sourceTree = "<group>"; };
		0C529E1B20D519FF000023B7 /* OtArray.h */ = {isa = PBXFileReference; lastKnownFileType = sourcecode.c.h; path = OtArray.h; sourceTree = "<group>"; };
		0C529E1C20D519FF000023B7 /* OtPath.h */ = {isa = PBXFileReference; lastKnownFileType = sourcecode.c.h; path = OtPath.h; sourceTree = "<group>"; };
		0C529E1D20D519FF000023B7 /* OtType.h */ = {isa = PBXFileReference; lastKnownFileType = sourcecode.c.h; path = OtType.h; sourceTree = "<group>"; };
		0C529E1E20D519FF000023B7 /* OtCollection.h */ = {isa = PBXFileReference; lastKnownFileType = sourcecode.c.h; path = OtCollection.h; sourceTree = "<group>"; };
		0C529E1F20D519FF000023B7 /* OtDefs.h */ = {isa = PBXFileReference; lastKnownFileType = sourcecode.c.h; path = OtDefs.h; sourceTree = "<group>"; };
		0C529E2020D519FF000023B7 /* OtReal.h */ = {isa = PBXFileReference; lastKnownFileType = sourcecode.c.h; path = OtReal.h; sourceTree = "<group>"; };
		0C529E2120D519FF000023B7 /* OtException.h */ = {isa = PBXFileReference; lastKnownFileType = sourcecode.c.h; path = OtException.h; sourceTree = "<group>"; };
		0C529E2220D519FF000023B7 /* OtCode.h */ = {isa = PBXFileReference; lastKnownFileType = sourcecode.c.h; path = OtCode.h; sourceTree = "<group>"; };
		0C529E2320D519FF000023B7 /* OtOS.h */ = {isa = PBXFileReference; lastKnownFileType = sourcecode.c.h; path = OtOS.h; sourceTree = "<group>"; };
		0C529E2420D519FF000023B7 /* OtURI.h */ = {isa = PBXFileReference; lastKnownFileType = sourcecode.c.h; path = OtURI.h; sourceTree = "<group>"; };
		0C529E2620D51A30000023B7 /* classes.txt */ = {isa = PBXFileReference; lastKnownFileType = text; path = classes.txt; sourceTree = "<group>"; };
		0C529E2720D51A30000023B7 /* language.xhtml */ = {isa = PBXFileReference; lastKnownFileType = text.xml; path = language.xhtml; sourceTree = "<group>"; };
		0C529E2820D51A30000023B7 /* language.ebnf */ = {isa = PBXFileReference; lastKnownFileType = text; path = language.ebnf; sourceTree = "<group>"; };
		0C529E2A20D51A84000023B7 /* main.ot */ = {isa = PBXFileReference; lastKnownFileType = text; path = main.ot; sourceTree = "<group>"; };
		0C529E2B20D51A84000023B7 /* collections.ot */ = {isa = PBXFileReference; lastKnownFileType = text; path = collections.ot; sourceTree = "<group>"; };
		0C529E2C20D51A84000023B7 /* class.ot */ = {isa = PBXFileReference; lastKnownFileType = text; path = class.ot; sourceTree = "<group>"; };
		0C529E2D20D51A84000023B7 /* instructions.ot */ = {isa = PBXFileReference; lastKnownFileType = text; path = instructions.ot; sourceTree = "<group>"; };
		0C529E2E20D51A84000023B7 /* primitives.ot */ = {isa = PBXFileReference; lastKnownFileType = text; path = primitives.ot; sourceTree = "<group>"; };
		0C529E2F20D51A84000023B7 /* os.ot */ = {isa = PBXFileReference; lastKnownFileType = text; path = os.ot; sourceTree = "<group>"; };
/* End PBXFileReference section */

/* Begin PBXFrameworksBuildPhase section */
		0C24367E20D519A8004642C8 /* Frameworks */ = {
			isa = PBXFrameworksBuildPhase;
			buildActionMask = 2147483647;
			files = (
			);
			runOnlyForDeploymentPostprocessing = 0;
		};
/* End PBXFrameworksBuildPhase section */

/* Begin PBXGroup section */
		0C24367820D519A7004642C8 = {
			isa = PBXGroup;
			children = (
				0C24368220D519A8004642C8 /* Products */,
				0C529E2520D51A30000023B7 /* docs */,
				0C529E2920D51A84000023B7 /* test */,
				0C529E0720D519FF000023B7 /* include */,
				0C529E0520D519EB000023B7 /* main.cpp */,
			);
			sourceTree = "<group>";
		};
		0C24368220D519A8004642C8 /* Products */ = {
			isa = PBXGroup;
			children = (
				0C24368120D519A8004642C8 /* ObjectTalk */,
			);
			name = Products;
			sourceTree = "<group>";
		};
		0C529E0720D519FF000023B7 /* include */ = {
			isa = PBXGroup;
			children = (
				0C529E0820D519FF000023B7 /* Ot.h */,
				0C529E1B20D519FF000023B7 /* OtArray.h */,
				0C529E0920D519FF000023B7 /* OtBoolean.h */,
				0C529E1A20D519FF000023B7 /* OtBoundFunction.h */,
				0C529E1720D519FF000023B7 /* OtClass.h */,
				0C529E2220D519FF000023B7 /* OtCode.h */,
				0C529E1420D519FF000023B7 /* OtCodeFunction.h */,
				0C529E1E20D519FF000023B7 /* OtCollection.h */,
				0C529E1120D519FF000023B7 /* OtCompiler.h */,
				0C529E1F20D519FF000023B7 /* OtDefs.h */,
				0C529E0E20D519FF000023B7 /* OtDict.h */,
				0C529E2120D519FF000023B7 /* OtException.h */,
				0C529E1520D519FF000023B7 /* OtFormat.h */,
				0C529E1020D519FF000023B7 /* OtFS.h */,
				0C529E1820D519FF000023B7 /* OtFunction.h */,
				0C529E1320D519FF000023B7 /* OtInteger.h */,
				0C529E1620D519FF000023B7 /* OtInternal.h */,
				0C529E0C20D519FF000023B7 /* OtObject.h */,
				0C529E0A20D519FF000023B7 /* OtObjectImpl.h */,
				0C529E0F20D519FF000023B7 /* OtObjectTalk.h */,
				0C529E2320D519FF000023B7 /* OtOS.h */,
				0C529E1C20D519FF000023B7 /* OtPath.h */,
				0C529E0B20D519FF000023B7 /* OtPrimitive.h */,
				0C529E2020D519FF000023B7 /* OtReal.h */,
				0C529E0D20D519FF000023B7 /* OtScanner.h */,
				0C529E1220D519FF000023B7 /* OtString.h */,
				0C529E1D20D519FF000023B7 /* OtType.h */,
				0C529E1920D519FF000023B7 /* OtTypeImpl.h */,
				0C529E2420D519FF000023B7 /* OtURI.h */,
			);
			path = include;
			sourceTree = "<group>";
		};
		0C529E2520D51A30000023B7 /* docs */ = {
			isa = PBXGroup;
			children = (
				0C529E2620D51A30000023B7 /* classes.txt */,
				0C529E2720D51A30000023B7 /* language.xhtml */,
				0C529E2820D51A30000023B7 /* language.ebnf */,
			);
			path = docs;
			sourceTree = "<group>";
		};
		0C529E2920D51A84000023B7 /* test */ = {
			isa = PBXGroup;
			children = (
				0C529E2A20D51A84000023B7 /* main.ot */,
				0C529E2B20D51A84000023B7 /* collections.ot */,
				0C529E2C20D51A84000023B7 /* class.ot */,
				0C529E2D20D51A84000023B7 /* instructions.ot */,
				0C529E2E20D51A84000023B7 /* primitives.ot */,
				0C529E2F20D51A84000023B7 /* os.ot */,
			);
			path = test;
			sourceTree = "<group>";
		};
/* End PBXGroup section */

/* Begin PBXNativeTarget section */
		0C24368020D519A8004642C8 /* ObjectTalk */ = {
			isa = PBXNativeTarget;
			buildConfigurationList = 0C24368820D519A8004642C8 /* Build configuration list for PBXNativeTarget "ObjectTalk" */;
			buildPhases = (
				0C24367D20D519A8004642C8 /* Sources */,
				0C24367E20D519A8004642C8 /* Frameworks */,
				0C24367F20D519A8004642C8 /* CopyFiles */,
			);
			buildRules = (
			);
			dependencies = (
			);
			name = ObjectTalk;
			productName = ObjectTalk;
			productReference = 0C24368120D519A8004642C8 /* ObjectTalk */;
			productType = "com.apple.product-type.tool";
		};
/* End PBXNativeTarget section */

/* Begin PBXProject section */
		0C24367920D519A7004642C8 /* Project object */ = {
			isa = PBXProject;
			attributes = {
				LastUpgradeCheck = 0940;
				ORGANIZATIONNAME = "Johan Goossens";
				TargetAttributes = {
					0C24368020D519A8004642C8 = {
						CreatedOnToolsVersion = 9.4.1;
					};
				};
			};
			buildConfigurationList = 0C24367C20D519A8004642C8 /* Build configuration list for PBXProject "ObjectTalk" */;
			compatibilityVersion = "Xcode 9.3";
			developmentRegion = en;
			hasScannedForEncodings = 0;
			knownRegions = (
				en,
			);
			mainGroup = 0C24367820D519A7004642C8;
			productRefGroup = 0C24368220D519A8004642C8 /* Products */;
			projectDirPath = "";
			projectRoot = "";
			targets = (
				0C24368020D519A8004642C8 /* ObjectTalk */,
			);
		};
/* End PBXProject section */

/* Begin PBXSourcesBuildPhase section */
		0C24367D20D519A8004642C8 /* Sources */ = {
			isa = PBXSourcesBuildPhase;
			buildActionMask = 2147483647;
			files = (
				0C529E0620D519EB000023B7 /* main.cpp in Sources */,
			);
			runOnlyForDeploymentPostprocessing = 0;
		};
/* End PBXSourcesBuildPhase section */

/* Begin XCBuildConfiguration section */
		0C24368620D519A8004642C8 /* Debug */ = {
			isa = XCBuildConfiguration;
			buildSettings = {
				ALWAYS_SEARCH_USER_PATHS = NO;
				CLANG_ANALYZER_NONNULL = YES;
				CLANG_ANALYZER_NUMBER_OBJECT_CONVERSION = YES_AGGRESSIVE;
				CLANG_CXX_LANGUAGE_STANDARD = "gnu++14";
				CLANG_CXX_LIBRARY = "libc++";
				CLANG_ENABLE_MODULES = YES;
				CLANG_ENABLE_OBJC_ARC = YES;
				CLANG_ENABLE_OBJC_WEAK = YES;
				CLANG_WARN_BLOCK_CAPTURE_AUTORELEASING = YES;
				CLANG_WARN_BOOL_CONVERSION = YES;
				CLANG_WARN_COMMA = YES;
				CLANG_WARN_CONSTANT_CONVERSION = YES;
				CLANG_WARN_DEPRECATED_OBJC_IMPLEMENTATIONS = YES;
				CLANG_WARN_DIRECT_OBJC_ISA_USAGE = YES_ERROR;
				CLANG_WARN_DOCUMENTATION_COMMENTS = YES;
				CLANG_WARN_EMPTY_BODY = YES;
				CLANG_WARN_ENUM_CONVERSION = YES;
				CLANG_WARN_INFINITE_RECURSION = YES;
				CLANG_WARN_INT_CONVERSION = YES;
				CLANG_WARN_NON_LITERAL_NULL_CONVERSION = YES;
				CLANG_WARN_OBJC_IMPLICIT_RETAIN_SELF = YES;
				CLANG_WARN_OBJC_LITERAL_CONVERSION = YES;
				CLANG_WARN_OBJC_ROOT_CLASS = YES_ERROR;
				CLANG_WARN_RANGE_LOOP_ANALYSIS = YES;
				CLANG_WARN_STRICT_PROTOTYPES = YES;
				CLANG_WARN_SUSPICIOUS_MOVE = YES;
				CLANG_WARN_UNGUARDED_AVAILABILITY = YES_AGGRESSIVE;
				CLANG_WARN_UNREACHABLE_CODE = YES;
				CLANG_WARN__DUPLICATE_METHOD_MATCH = YES;
				CODE_SIGN_IDENTITY = "-";
				COPY_PHASE_STRIP = NO;
				DEBUG_INFORMATION_FORMAT = dwarf;
				ENABLE_STRICT_OBJC_MSGSEND = YES;
				ENABLE_TESTABILITY = YES;
				GCC_C_LANGUAGE_STANDARD = gnu11;
				GCC_DYNAMIC_NO_PIC = NO;
				GCC_NO_COMMON_BLOCKS = YES;
				GCC_OPTIMIZATION_LEVEL = 0;
				GCC_PREPROCESSOR_DEFINITIONS = (
					"DEBUG=1",
					"$(inherited)",
				);
				GCC_WARN_64_TO_32_BIT_CONVERSION = YES;
				GCC_WARN_ABOUT_RETURN_TYPE = YES_ERROR;
				GCC_WARN_UNDECLARED_SELECTOR = YES;
				GCC_WARN_UNINITIALIZED_AUTOS = YES_AGGRESSIVE;
				GCC_WARN_UNUSED_FUNCTION = YES;
				GCC_WARN_UNUSED_VARIABLE = YES;
				MACOSX_DEPLOYMENT_TARGET = 10.13;
				MTL_ENABLE_DEBUG_INFO = YES;
				ONLY_ACTIVE_ARCH = YES;
				OTHER_LDFLAGS = (
					"-lboost_filesystem",
					"-lboost_system",
					"-lcurl",
				);
				SDKROOT = macosx;
			};
			name = Debug;
		};
		0C24368720D519A8004642C8 /* Release */ = {
			isa = XCBuildConfiguration;
			buildSettings = {
				ALWAYS_SEARCH_USER_PATHS = NO;
				CLANG_ANALYZER_NONNULL = YES;
				CLANG_ANALYZER_NUMBER_OBJECT_CONVERSION = YES_AGGRESSIVE;
				CLANG_CXX_LANGUAGE_STANDARD = "gnu++14";
				CLANG_CXX_LIBRARY = "libc++";
				CLANG_ENABLE_MODULES = YES;
				CLANG_ENABLE_OBJC_ARC = YES;
				CLANG_ENABLE_OBJC_WEAK = YES;
				CLANG_WARN_BLOCK_CAPTURE_AUTORELEASING = YES;
				CLANG_WARN_BOOL_CONVERSION = YES;
				CLANG_WARN_COMMA = YES;
				CLANG_WARN_CONSTANT_CONVERSION = YES;
				CLANG_WARN_DEPRECATED_OBJC_IMPLEMENTATIONS = YES;
				CLANG_WARN_DIRECT_OBJC_ISA_USAGE = YES_ERROR;
				CLANG_WARN_DOCUMENTATION_COMMENTS = YES;
				CLANG_WARN_EMPTY_BODY = YES;
				CLANG_WARN_ENUM_CONVERSION = YES;
				CLANG_WARN_INFINITE_RECURSION = YES;
				CLANG_WARN_INT_CONVERSION = YES;
				CLANG_WARN_NON_LITERAL_NULL_CONVERSION = YES;
				CLANG_WARN_OBJC_IMPLICIT_RETAIN_SELF = YES;
				CLANG_WARN_OBJC_LITERAL_CONVERSION = YES;
				CLANG_WARN_OBJC_ROOT_CLASS = YES_ERROR;
				CLANG_WARN_RANGE_LOOP_ANALYSIS = YES;
				CLANG_WARN_STRICT_PROTOTYPES = YES;
				CLANG_WARN_SUSPICIOUS_MOVE = YES;
				CLANG_WARN_UNGUARDED_AVAILABILITY = YES_AGGRESSIVE;
				CLANG_WARN_UNREACHABLE_CODE = YES;
				CLANG_WARN__DUPLICATE_METHOD_MATCH = YES;
				CODE_SIGN_IDENTITY = "-";
				COPY_PHASE_STRIP = NO;
				DEBUG_INFORMATION_FORMAT = "dwarf-with-dsym";
				ENABLE_NS_ASSERTIONS = NO;
				ENABLE_STRICT_OBJC_MSGSEND = YES;
				GCC_C_LANGUAGE_STANDARD = gnu11;
				GCC_NO_COMMON_BLOCKS = YES;
				GCC_WARN_64_TO_32_BIT_CONVERSION = YES;
				GCC_WARN_ABOUT_RETURN_TYPE = YES_ERROR;
				GCC_WARN_UNDECLARED_SELECTOR = YES;
				GCC_WARN_UNINITIALIZED_AUTOS = YES_AGGRESSIVE;
				GCC_WARN_UNUSED_FUNCTION = YES;
				GCC_WARN_UNUSED_VARIABLE = YES;
				MACOSX_DEPLOYMENT_TARGET = 10.13;
				MTL_ENABLE_DEBUG_INFO = NO;
				OTHER_LDFLAGS = (
					"-lboost_filesystem",
					"-lboost_system",
					"-lcurl",
				);
				SDKROOT = macosx;
			};
			name = Release;
		};
		0C24368920D519A8004642C8 /* Debug */ = {
			isa = XCBuildConfiguration;
			buildSettings = {
				CODE_SIGN_STYLE = Automatic;
				HEADER_SEARCH_PATHS = /usr/local/include;
				LIBRARY_SEARCH_PATHS = /usr/local/lib;
				PRODUCT_NAME = "$(TARGET_NAME)";
			};
			name = Debug;
		};
		0C24368A20D519A8004642C8 /* Release */ = {
			isa = XCBuildConfiguration;
			buildSettings = {
				CODE_SIGN_STYLE = Automatic;
				HEADER_SEARCH_PATHS = /usr/local/include;
				LIBRARY_SEARCH_PATHS = /usr/local/lib;
				PRODUCT_NAME = "$(TARGET_NAME)";
			};
			name = Release;
		};
/* End XCBuildConfiguration section */

/* Begin XCConfigurationList section */
		0C24367C20D519A8004642C8 /* Build configuration list for PBXProject "ObjectTalk" */ = {
			isa = XCConfigurationList;
			buildConfigurations = (
				0C24368620D519A8004642C8 /* Debug */,
				0C24368720D519A8004642C8 /* Release */,
			);
			defaultConfigurationIsVisible = 0;
			defaultConfigurationName = Release;
		};
		0C24368820D519A8004642C8 /* Build configuration list for PBXNativeTarget "ObjectTalk" */ = {
			isa = XCConfigurationList;
			buildConfigurations = (
				0C24368920D519A8004642C8 /* Debug */,
				0C24368A20D519A8004642C8 /* Release */,
			);
			defaultConfigurationIsVisible = 0;
			defaultConfigurationName = Release;
		};
/* End XCConfigurationList section */
	};
	rootObject = 0C24367920D519A7004642C8 /* Project object */;
}
